
Microsoft Visual Studio Solution File, Format Version 12.00
# Visual Studio Version 16
VisualStudioVersion = 25.0.1700.2
MinimumVisualStudioVersion = 10.0.40219.1
Project("{FAE04EC0-301F-11D3-BF4B-00C04F79EFBC}") = "CarProject", "CarProject\CarProject.csproj", "{D5AFBD85-1443-4E06-A087-B50CD133C89F}"
EndProject
Global
	GlobalSection(SolutionConfigurationPlatforms) = preSolution
		Debug|Any CPU = Debug|Any CPU
		Release|Any CPU = Release|Any CPU
	EndGlobalSection
	GlobalSection(ProjectConfigurationPlatforms) = postSolution
		{D5AFBD85-1443-4E06-A087-B50CD133C89F}.Debug|Any CPU.ActiveCfg = Debug|Any CPU
		{D5AFBD85-1443-4E06-A087-B50CD133C89F}.Debug|Any CPU.Build.0 = Debug|Any CPU
		{D5AFBD85-1443-4E06-A087-B50CD133C89F}.Release|Any CPU.ActiveCfg = Release|Any CPU
		{D5AFBD85-1443-4E06-A087-B50CD133C89F}.Release|Any CPU.Build.0 = Release|Any CPU
	EndGlobalSection
	GlobalSection(SolutionProperties) = preSolution
		HideSolutionNode = FALSE
	EndGlobalSection
	GlobalSection(ExtensibilityGlobals) = postSolution
		SolutionGuid = {B1488F6B-8C2D-4422-8B4B-43AB0C3A41A7}
	EndGlobalSection
EndGlobal
